<?xml version="1.0" encoding="utf-8"?>
<Project ToolsVersion="4.0" xmlns="http://schemas.microsoft.com/developer/msbuild/2003">
  <ItemGroup>
    <Filter Include="Source Files">
      <UniqueIdentifier>{4FC737F1-C7A5-4376-A066-2A32D752A2FF}</UniqueIdentifier>
      <Extensions>cpp;c;cc;cxx;def;odl;idl;hpj;bat;asm;asmx</Extensions>
    </Filter>
    <Filter Include="Header Files">
      <UniqueIdentifier>{93995380-89BD-4b04-88EB-625FBE52EBFB}</UniqueIdentifier>
      <Extensions>h;hpp;hxx;hm;inl;inc;xsd</Extensions>
    </Filter>
    <Filter Include="Resource Files">
      <UniqueIdentifier>{67DA6AB6-F800-4c08-8B7A-83BB121AAD01}</UniqueIdentifier>
      <Extensions>rc;ico;cur;bmp;dlg;rc2;rct;bin;rgs;gif;jpg;jpeg;jpe;resx;tiff;tif;png;wav</Extensions>
    </Filter>
    <Filter Include="Header Files\components">
      <UniqueIdentifier>{e2b2d929-11a3-4c49-b462-798a9d5a866f}</UniqueIdentifier>
    </Filter>
    <Filter Include="Header Files\entities">
      <UniqueIdentifier>{75bf5255-3db3-4495-9e05-c73a21a79092}</UniqueIdentifier>
    </Filter>
    <Filter Include="Header Files\views">
      <UniqueIdentifier>{b791aafa-cfb4-430e-b8e1-4f6c2817573c}</UniqueIdentifier>
    </Filter>
    <Filter Include="Header Files\components\ai">
      <UniqueIdentifier>{f8d1fe32-58fa-46eb-97ec-dbd2caa77ac3}</UniqueIdentifier>
    </Filter>
    <Filter Include="Source Files\views">
      <UniqueIdentifier>{9eacbb15-4294-466a-9de3-5d105dba8404}</UniqueIdentifier>
    </Filter>
    <Filter Include="Source Files\components">
      <UniqueIdentifier>{53eb924e-136f-4d1f-b85b-29417f981da8}</UniqueIdentifier>
    </Filter>
    <Filter Include="Source Files\entities">
      <UniqueIdentifier>{931f98ef-51f9-491d-b99a-3ef57b0a4f9d}</UniqueIdentifier>
    </Filter>
    <Filter Include="Source Files\graphics">
      <UniqueIdentifier>{a0744eba-6988-4c9a-b135-c0f856c93929}</UniqueIdentifier>
    </Filter>
    <Filter Include="Header Files\utilities">
      <UniqueIdentifier>{9adb99f9-5d6e-4683-a479-6372f39d2cc0}</UniqueIdentifier>
    </Filter>
    <Filter Include="Source Files\views\unitviews">
      <UniqueIdentifier>{d6588852-543e-4c32-a9a2-cf2f2070a12c}</UniqueIdentifier>
    </Filter>
    <Filter Include="Header Files\views\unitviews">
      <UniqueIdentifier>{58fa75e7-f109-416f-ae7b-406f6ba7caaf}</UniqueIdentifier>
    </Filter>
    <Filter Include="SDL">
      <UniqueIdentifier>{7b0a7aae-22c5-4c83-92de-dd14f014cae2}</UniqueIdentifier>
    </Filter>
  </ItemGroup>
  <ItemGroup>
    <Text Include="..\CMakeLists.txt">
      <Filter>Resource Files</Filter>
    </Text>
  </ItemGroup>
  <ItemGroup>
    <None Include="..\cmake\Modules\FindSDL2.cmake">
      <Filter>Resource Files</Filter>
    </None>
    <None Include="..\cmake\Modules\FindSDL2_ttf.cmake">
      <Filter>Resource Files</Filter>
    </None>
    <None Include="..\README.md">
      <Filter>Resource Files</Filter>
    </None>
  </ItemGroup>
  <ItemGroup>
    <ClInclude Include="..\include\city.hpp">
      <Filter>Header Files</Filter>
    </ClInclude>
    <ClInclude Include="..\include\clock.hpp">
      <Filter>Header Files</Filter>
    </ClInclude>
    <ClInclude Include="..\include\controller.hpp">
      <Filter>Header Files</Filter>
    </ClInclude>
    <ClInclude Include="..\include\debug_policy.hpp">
      <Filter>Header Files</Filter>
    </ClInclude>
    <ClInclude Include="..\include\defs.hpp">
      <Filter>Header Files</Filter>
    </ClInclude>
    <ClInclude Include="..\include\graphics.hpp">
      <Filter>Header Files</Filter>
    </ClInclude>
    <ClInclude Include="..\include\joblist.hpp">
      <Filter>Header Files</Filter>
    </ClInclude>
    <ClInclude Include="..\include\keys.hpp">
      <Filter>Header Files</Filter>
    </ClInclude>
    <ClInclude Include="..\include\log.hpp">
      <Filter>Header Files</Filter>
    </ClInclude>
    <ClInclude Include="..\include\logger.hpp">
      <Filter>Header Files</Filter>
    </ClInclude>
    <ClInclude Include="..\include\tile.hpp">
      <Filter>Header Files</Filter>
    </ClInclude>
    <ClInclude Include="..\include\windows.hpp">
      <Filter>Header Files</Filter>
    </ClInclude>
    <ClInclude Include="..\include\components\citizenname.hpp">
      <Filter>Header Files\components</Filter>
    </ClInclude>
    <ClInclude Include="..\include\components\clearance.hpp">
      <Filter>Header Files\components</Filter>
    </ClInclude>
    <ClInclude Include="..\include\components\department.hpp">
      <Filter>Header Files\components</Filter>
    </ClInclude>
    <ClInclude Include="..\include\components\faction.hpp">
      <Filter>Header Files\components</Filter>
    </ClInclude>
    <ClInclude Include="..\include\components\foodstuff.hpp">
      <Filter>Header Files\components</Filter>
    </ClInclude>
    <ClInclude Include="..\include\components\furniture.hpp">
      <Filter>Header Files\components</Filter>
    </ClInclude>
    <ClInclude Include="..\include\components\inventory.hpp">
      <Filter>Header Files\components</Filter>
    </ClInclude>
    <ClInclude Include="..\include\components\item.hpp">
      <Filter>Header Files\components</Filter>
    </ClInclude>
    <ClInclude Include="..\include\components\jobprovider.hpp">
      <Filter>Header Files\components</Filter>
    </ClInclude>
    <ClInclude Include="..\include\components\movable.hpp">
      <Filter>Header Files\components</Filter>
    </ClInclude>
    <ClInclude Include="..\include\components\position.hpp">
      <Filter>Header Files\components</Filter>
    </ClInclude>
    <ClInclude Include="..\include\components\renderable.hpp">
      <Filter>Header Files\components</Filter>
    </ClInclude>
    <ClInclude Include="..\include\components\room.hpp">
      <Filter>Header Files\components</Filter>
    </ClInclude>
    <ClInclude Include="..\include\components\security.hpp">
      <Filter>Header Files\components</Filter>
    </ClInclude>
    <ClInclude Include="..\include\components\skills.hpp">
      <Filter>Header Files\components</Filter>
    </ClInclude>
    <ClInclude Include="..\include\views\announceview.hpp">
      <Filter>Header Files\views</Filter>
    </ClInclude>
    <ClInclude Include="..\include\views\designview.hpp">
      <Filter>Header Files\views</Filter>
    </ClInclude>
    <ClInclude Include="..\include\views\helpview.hpp">
      <Filter>Header Files\views</Filter>
    </ClInclude>
    <ClInclude Include="..\include\views\hud.hpp">
      <Filter>Header Files\views</Filter>
    </ClInclude>
    <ClInclude Include="..\include\views\mainview.hpp">
      <Filter>Header Files\views</Filter>
    </ClInclude>
    <ClInclude Include="..\include\views\mapview.hpp">
      <Filter>Header Files\views</Filter>
    </ClInclude>
    <ClInclude Include="..\include\views\statustext.hpp">
      <Filter>Header Files\views</Filter>
    </ClInclude>
    <ClInclude Include="..\include\views\unitview.hpp">
      <Filter>Header Files\views</Filter>
    </ClInclude>
    <ClInclude Include="..\include\views\view.hpp">
      <Filter>Header Files\views</Filter>
    </ClInclude>
    <ClInclude Include="..\include\views\viewstack.hpp">
      <Filter>Header Files\views</Filter>
    </ClInclude>
    <ClInclude Include="..\include\entities\citizen.hpp">
      <Filter>Header Files\entities</Filter>
    </ClInclude>
    <ClInclude Include="..\include\entities\entity.hpp">
      <Filter>Header Files\entities</Filter>
    </ClInclude>
    <ClInclude Include="..\include\entities\garbage.hpp">
      <Filter>Header Files\entities</Filter>
    </ClInclude>
    <ClInclude Include="..\include\entities\subsystem.hpp">
      <Filter>Header Files\entities</Filter>
    </ClInclude>
    <ClInclude Include="..\include\entities\system.hpp">
      <Filter>Header Files\entities</Filter>
    </ClInclude>
    <ClInclude Include="..\include\entities\workroom.hpp">
      <Filter>Header Files\entities</Filter>
    </ClInclude>
    <ClInclude Include="..\include\components\ai\activityai.hpp">
      <Filter>Header Files\components\ai</Filter>
    </ClInclude>
    <ClInclude Include="..\include\components\ai\ai.hpp">
      <Filter>Header Files\components\ai</Filter>
    </ClInclude>
    <ClInclude Include="..\include\components\ai\aidsl.hpp">
      <Filter>Header Files\components\ai</Filter>
    </ClInclude>
    <ClInclude Include="..\include\components\ai\callbackai.hpp">
      <Filter>Header Files\components\ai</Filter>
    </ClInclude>
    <ClInclude Include="..\include\components\ai\deleteai.hpp">
      <Filter>Header Files\components\ai</Filter>
    </ClInclude>
    <ClInclude Include="..\include\components\ai\ifai.hpp">
      <Filter>Header Files\components\ai</Filter>
    </ClInclude>
    <ClInclude Include="..\include\components\ai\job.hpp">
      <Filter>Header Files\components\ai</Filter>
    </ClInclude>
    <ClInclude Include="..\include\components\ai\needsai.hpp">
      <Filter>Header Files\components\ai</Filter>
    </ClInclude>
    <ClInclude Include="..\include\components\ai\pathai.hpp">
      <Filter>Header Files\components\ai</Filter>
    </ClInclude>
    <ClInclude Include="..\include\components\ai\pathfind.hpp">
      <Filter>Header Files\components\ai</Filter>
    </ClInclude>
    <ClInclude Include="..\include\components\ai\sequenceai.hpp">
      <Filter>Header Files\components\ai</Filter>
    </ClInclude>
    <ClInclude Include="..\include\views\widget.hpp">
      <Filter>Header Files\views</Filter>
    </ClInclude>
    <ClInclude Include="..\include\utilities\apply_tuple.hpp">
      <Filter>Header Files\utilities</Filter>
    </ClInclude>
    <ClInclude Include="..\include\utilities\thunk_func.hpp">
      <Filter>Header Files\utilities</Filter>
    </ClInclude>
    <ClInclude Include="..\include\cursor.hpp">
      <Filter>Header Files</Filter>
    </ClInclude>
    <ClInclude Include="..\include\views\navhelper.hpp">
      <Filter>Header Files\views</Filter>
    </ClInclude>
    <ClInclude Include="..\include\views\unitviews\unitviewmode.hpp">
      <Filter>Header Files\views\unitviews</Filter>
    </ClInclude>
    <ClInclude Include="..\include\entities\foods.hpp">
      <Filter>Header Files\entities</Filter>
    </ClInclude>
    <ClInclude Include="..\include\utilities\global_set.hpp">
      <Filter>Header Files\utilities</Filter>
    </ClInclude>
    <ClInclude Include="..\include\views\scrollable.hpp">
      <Filter>Header Files\views</Filter>
    </ClInclude>
    <ClInclude Include="..\include\views\defaultlayout.hpp">
      <Filter>Header Files\views</Filter>
    </ClInclude>
    <ClInclude Include="..\include\views\baseview.hpp">
      <Filter>Header Files\views</Filter>
    </ClInclude>
    <ClInclude Include="..\sdl\Surface.hpp">
      <Filter>SDL</Filter>
    </ClInclude>
    <ClInclude Include="..\sdl\Texture.hpp">
      <Filter>SDL</Filter>
    </ClInclude>
    <ClInclude Include="..\sdl\Window.hpp">
      <Filter>SDL</Filter>
    </ClInclude>
    <ClInclude Include="..\sdl\cow_resource.hpp">
      <Filter>SDL</Filter>
    </ClInclude>
    <ClInclude Include="..\sdl\Renderer.hpp">
      <Filter>SDL</Filter>
    </ClInclude>
    <ClInclude Include="..\include\entities\hydroponics.hpp">
      <Filter>Header Files\entities</Filter>
    </ClInclude>
    <ClInclude Include="..\include\components\component.hpp">
      <Filter>Header Files\components</Filter>
    </ClInclude>
    <ClInclude Include="..\include\point.hpp">
      <Filter>Header Files</Filter>
    </ClInclude>
    <ClInclude Include="..\include\citygen.hpp">
      <Filter>Header Files</Filter>
    </ClInclude>
    <ClInclude Include="..\include\entities\filestorage.hpp">
      <Filter>Header Files\entities</Filter>
    </ClInclude>
    <ClInclude Include="..\include\components\ai\lockai.hpp">
      <Filter>Header Files\components\ai</Filter>
    </ClInclude>
  </ItemGroup>
  <ItemGroup>
    <ClCompile Include="..\src\components\ai.cpp">
      <Filter>Source Files\components</Filter>
    </ClCompile>
    <ClCompile Include="..\src\components\citizenname.cpp">
      <Filter>Source Files\components</Filter>
    </ClCompile>
    <ClCompile Include="..\src\components\foodstuff.cpp">
      <Filter>Source Files\components</Filter>
    </ClCompile>
    <ClCompile Include="..\src\components\furniture.cpp">
      <Filter>Source Files\components</Filter>
    </ClCompile>
    <ClCompile Include="..\src\components\jobprovider.cpp">
      <Filter>Source Files\components</Filter>
    </ClCompile>
    <ClCompile Include="..\src\components\movable.cpp">
      <Filter>Source Files\components</Filter>
    </ClCompile>
    <ClCompile Include="..\src\components\pathfind.cpp">
      <Filter>Source Files\components</Filter>
    </ClCompile>
    <ClCompile Include="..\src\components\room.cpp">
      <Filter>Source Files\components</Filter>
    </ClCompile>
    <ClCompile Include="..\src\components\skills.cpp">
      <Filter>Source Files\components</Filter>
    </ClCompile>
    <ClCompile Include="..\src\entities\citizen.cpp">
      <Filter>Source Files\entities</Filter>
    </ClCompile>
    <ClCompile Include="..\src\entities\entity.cpp">
      <Filter>Source Files\entities</Filter>
    </ClCompile>
    <ClCompile Include="..\src\entities\garbage.cpp">
      <Filter>Source Files\entities</Filter>
    </ClCompile>
    <ClCompile Include="..\src\entities\workroom.cpp">
      <Filter>Source Files\entities</Filter>
    </ClCompile>
    <ClCompile Include="..\src\views\announceview.cpp">
      <Filter>Source Files\views</Filter>
    </ClCompile>
    <ClCompile Include="..\src\views\designview.cpp">
      <Filter>Source Files\views</Filter>
    </ClCompile>
    <ClCompile Include="..\src\views\helpview.cpp">
      <Filter>Source Files\views</Filter>
    </ClCompile>
    <ClCompile Include="..\src\views\hud.cpp">
      <Filter>Source Files\views</Filter>
    </ClCompile>
    <ClCompile Include="..\src\views\mainview.cpp">
      <Filter>Source Files\views</Filter>
    </ClCompile>
    <ClCompile Include="..\src\views\mapview.cpp">
      <Filter>Source Files\views</Filter>
    </ClCompile>
    <ClCompile Include="..\src\views\statustext.cpp">
      <Filter>Source Files\views</Filter>
    </ClCompile>
    <ClCompile Include="..\src\views\unitview.cpp">
      <Filter>Source Files\views</Filter>
    </ClCompile>
    <ClCompile Include="..\src\views\viewstack.cpp">
      <Filter>Source Files\views</Filter>
    </ClCompile>
    <ClCompile Include="..\src\city.cpp">
      <Filter>Source Files</Filter>
    </ClCompile>
    <ClCompile Include="..\src\clock.cpp">
      <Filter>Source Files</Filter>
    </ClCompile>
    <ClCompile Include="..\src\joblist.cpp">
      <Filter>Source Files</Filter>
    </ClCompile>
    <ClCompile Include="..\src\logger.cpp">
      <Filter>Source Files</Filter>
    </ClCompile>
    <ClCompile Include="..\src\main.cpp">
      <Filter>Source Files</Filter>
    </ClCompile>
    <ClCompile Include="..\src\components\needsai.cpp">
      <Filter>Source Files\components</Filter>
    </ClCompile>
    <ClCompile Include="..\src\components\sequenceai.cpp">
      <Filter>Source Files\components</Filter>
    </ClCompile>
    <ClCompile Include="..\src\cursor.cpp">
      <Filter>Source Files</Filter>
    </ClCompile>
    <ClCompile Include="..\src\views\navhelper.cpp">
      <Filter>Source Files\views</Filter>
    </ClCompile>
    <ClCompile Include="..\src\views\unitviews\assignview.cpp">
      <Filter>Source Files\views\unitviews</Filter>
    </ClCompile>
    <ClCompile Include="..\src\views\unitviews\skillsview.cpp">
      <Filter>Source Files\views\unitviews</Filter>
    </ClCompile>
    <ClCompile Include="..\src\views\unitviews\needsview.cpp">
      <Filter>Source Files\views\unitviews</Filter>
    </ClCompile>
    <ClCompile Include="..\src\entities\foods.cpp">
      <Filter>Source Files\entities</Filter>
    </ClCompile>
    <ClCompile Include="..\src\views\scrollable.cpp">
      <Filter>Source Files\views</Filter>
    </ClCompile>
    <ClCompile Include="..\src\views\baseview.cpp">
      <Filter>Source Files\views</Filter>
    </ClCompile>
    <ClCompile Include="..\sdl\graphicsSDL.cpp">
      <Filter>SDL</Filter>
    </ClCompile>
    <ClCompile Include="..\src\citygen.cpp">
      <Filter>Source Files</Filter>
    </ClCompile>
    <ClCompile Include="..\src\entities\filestorage.cpp">
      <Filter>Source Files\entities</Filter>
    </ClCompile>
    <ClCompile Include="..\src\components\item.cpp">
      <Filter>Source Files\components</Filter>
    </ClCompile>
    <ClCompile Include="..\src\entities\hydroponics.cpp">
      <Filter>Source Files\entities</Filter>
    </ClCompile>
  </ItemGroup>
</Project>